PODS:
  - Kingfisher (5.15.7):
    - Kingfisher/Core (= 5.15.7)
  - Kingfisher/Core (5.15.7)
  - youtube-ios-player-helper (1.0.2)

DEPENDENCIES:
  - Kingfisher
  - youtube-ios-player-helper

SPEC REPOS:
  trunk:
    - Kingfisher
    - youtube-ios-player-helper

SPEC CHECKSUMS:
  Kingfisher: 6e1a13523fcb1c86924ce53affe4ac957e544d59
  youtube-ios-player-helper: 40b96e52c22445f0fdc43731cefa32c67075ff81

PODFILE CHECKSUM: a88d6d953c15ee2ffbf5e42e2dc8562c2883dff5

COCOAPODS: 1.8.4
